
Microsoft Visual Studio Solution File, Format Version 12.00
# Visual Studio Version 16
VisualStudioVersion = 16.0.30804.86
MinimumVisualStudioVersion = 10.0.40219.1
Project("{FAE04EC0-301F-11D3-BF4B-00C04F79EFBC}") = "LocalizationTest", "LocalizationTest\LocalizationTest.csproj", "{A255766F-C8D2-4C68-B8FC-6BB6D3FF323B}"
EndProject
Global
	GlobalSection(SolutionConfigurationPlatforms) = preSolution
		Debug|Any CPU = Debug|Any CPU
		Release|Any CPU = Release|Any CPU
	EndGlobalSection
	GlobalSection(ProjectConfigurationPlatforms) = postSolution
		{A255766F-C8D2-4C68-B8FC-6BB6D3FF323B}.Debug|Any CPU.ActiveCfg = Debug|Any CPU
		{A255766F-C8D2-4C68-B8FC-6BB6D3FF323B}.Debug|Any CPU.Build.0 = Debug|Any CPU
		{A255766F-C8D2-4C68-B8FC-6BB6D3FF323B}.Release|Any CPU.ActiveCfg = Release|Any CPU
		{A255766F-C8D2-4C68-B8FC-6BB6D3FF323B}.Release|Any CPU.Build.0 = Release|Any CPU
	EndGlobalSection
	GlobalSection(SolutionProperties) = preSolution
		HideSolutionNode = FALSE
	EndGlobalSection
	GlobalSection(ExtensibilityGlobals) = postSolution
		SolutionGuid = {A9BA5B82-1B35-4568-99A4-FF2E3E438C87}
	EndGlobalSection
EndGlobal
